// !$*UTF8*$!
{
	archiveVersion = 1;
	classes = {
	};
	objectVersion = 77;
	objects = {

/* Begin PBXBuildFile section */
		07801C3D2D86B42C00A992A1 /* WidgetKit.framework in Frameworks */ = {isa = PBXBuildFile; fileRef = 07801C3C2D86B42C00A992A1 /* WidgetKit.framework */; };
		07801C3F2D86B42C00A992A1 /* SwiftUI.framework in Frameworks */ = {isa = PBXBuildFile; fileRef = 07801C3E2D86B42C00A992A1 /* SwiftUI.framework */; };
		07801C4E2D86B42E00A992A1 /* OmenWidgetExtension.appex in Embed Foundation Extensions */ = {isa = PBXBuildFile; fileRef = 07801C3A2D86B42C00A992A1 /* OmenWidgetExtension.appex */; settings = {ATTRIBUTES = (RemoveHeadersOnCopy, ); }; };
/* End PBXBuildFile section */

/* Begin PBXContainerItemProxy section */
		07801C4C2D86B42E00A992A1 /* PBXContainerItemProxy */ = {
			isa = PBXContainerItemProxy;
			containerPortal = 078A39372D7ECA96001315AC /* Project object */;
			proxyType = 1;
			remoteGlobalIDString = 07801C392D86B42C00A992A1;
			remoteInfo = OmenWidgetExtension;
		};
		078A39512D7ECA98001315AC /* PBXContainerItemProxy */ = {
			isa = PBXContainerItemProxy;
			containerPortal = 078A39372D7ECA96001315AC /* Project object */;
			proxyType = 1;
			remoteGlobalIDString = 078A393E2D7ECA96001315AC;
			remoteInfo = Wear;
		};
		078A395B2D7ECA98001315AC /* PBXContainerItemProxy */ = {
			isa = PBXContainerItemProxy;
			containerPortal = 078A39372D7ECA96001315AC /* Project object */;
			proxyType = 1;
			remoteGlobalIDString = 078A393E2D7ECA96001315AC;
			remoteInfo = Wear;
		};
/* End PBXContainerItemProxy section */

/* Begin PBXCopyFilesBuildPhase section */
		07801C532D86B42E00A992A1 /* Embed Foundation Extensions */ = {
			isa = PBXCopyFilesBuildPhase;
			buildActionMask = 2147483647;
			dstPath = "";
			dstSubfolderSpec = 13;
			files = (
				07801C4E2D86B42E00A992A1 /* OmenWidgetExtension.appex in Embed Foundation Extensions */,
			);
			name = "Embed Foundation Extensions";
			runOnlyForDeploymentPostprocessing = 0;
		};
/* End PBXCopyFilesBuildPhase section */

/* Begin PBXFileReference section */
		07801C3A2D86B42C00A992A1 /* OmenWidgetExtension.appex */ = {isa = PBXFileReference; explicitFileType = "wrapper.app-extension"; includeInIndex = 0; path = OmenWidgetExtension.appex; sourceTree = BUILT_PRODUCTS_DIR; };
		07801C3C2D86B42C00A992A1 /* WidgetKit.framework */ = {isa = PBXFileReference; lastKnownFileType = wrapper.framework; name = WidgetKit.framework; path = System/Library/Frameworks/WidgetKit.framework; sourceTree = SDKROOT; };
		07801C3E2D86B42C00A992A1 /* SwiftUI.framework */ = {isa = PBXFileReference; lastKnownFileType = wrapper.framework; name = SwiftUI.framework; path = System/Library/Frameworks/SwiftUI.framework; sourceTree = SDKROOT; };
		07801C542D86B44900A992A1 /* OmenWidgetExtension.entitlements */ = {isa = PBXFileReference; lastKnownFileType = text.plist.entitlements; path = OmenWidgetExtension.entitlements; sourceTree = "<group>"; };
		078A393F2D7ECA96001315AC /* Omen.app */ = {isa = PBXFileReference; explicitFileType = wrapper.application; includeInIndex = 0; path = Omen.app; sourceTree = BUILT_PRODUCTS_DIR; };
		078A39502D7ECA98001315AC /* WearTests.xctest */ = {isa = PBXFileReference; explicitFileType = wrapper.cfbundle; includeInIndex = 0; path = WearTests.xctest; sourceTree = BUILT_PRODUCTS_DIR; };
		078A395A2D7ECA98001315AC /* WearUITests.xctest */ = {isa = PBXFileReference; explicitFileType = wrapper.cfbundle; includeInIndex = 0; path = WearUITests.xctest; sourceTree = BUILT_PRODUCTS_DIR; };
		07D28ACA2D7FD54C00FACC9E /* Wear.xctestplan */ = {isa = PBXFileReference; lastKnownFileType = text; path = Wear.xctestplan; sourceTree = "<group>"; };
/* End PBXFileReference section */

/* Begin PBXFileSystemSynchronizedBuildFileExceptionSet section */
		07801C4F2D86B42E00A992A1 /* Exceptions for "OmenWidget" folder in "OmenWidgetExtension" target */ = {
			isa = PBXFileSystemSynchronizedBuildFileExceptionSet;
			membershipExceptions = (
				Info.plist,
			);
			target = 07801C392D86B42C00A992A1 /* OmenWidgetExtension */;
		};
		07801C612D86B75200A992A1 /* Exceptions for "Shared" folder in "OmenWidgetExtension" target */ = {
			isa = PBXFileSystemSynchronizedBuildFileExceptionSet;
			membershipExceptions = (
				ColorUtilities.swift,
				WeatherData.swift,
			);
			target = 07801C392D86B42C00A992A1 /* OmenWidgetExtension */;
		};
/* End PBXFileSystemSynchronizedBuildFileExceptionSet section */

/* Begin PBXFileSystemSynchronizedRootGroup section */
		07801C402D86B42C00A992A1 /* OmenWidget */ = {
			isa = PBXFileSystemSynchronizedRootGroup;
			exceptions = (
				07801C4F2D86B42E00A992A1 /* Exceptions for "OmenWidget" folder in "OmenWidgetExtension" target */,
			);
			path = OmenWidget;
			sourceTree = "<group>";
		};
		07801C5C2D86B75200A992A1 /* Shared */ = {
			isa = PBXFileSystemSynchronizedRootGroup;
			exceptions = (
				07801C612D86B75200A992A1 /* Exceptions for "Shared" folder in "OmenWidgetExtension" target */,
			);
			path = Shared;
			sourceTree = "<group>";
		};
		078A39412D7ECA96001315AC /* Wear */ = {
			isa = PBXFileSystemSynchronizedRootGroup;
			path = Wear;
			sourceTree = "<group>";
		};
		078A39532D7ECA98001315AC /* WearTests */ = {
			isa = PBXFileSystemSynchronizedRootGroup;
			path = WearTests;
			sourceTree = "<group>";
		};
		078A395D2D7ECA98001315AC /* WearUITests */ = {
			isa = PBXFileSystemSynchronizedRootGroup;
			path = WearUITests;
			sourceTree = "<group>";
		};
/* End PBXFileSystemSynchronizedRootGroup section */

/* Begin PBXFrameworksBuildPhase section */
		07801C372D86B42C00A992A1 /* Frameworks */ = {
			isa = PBXFrameworksBuildPhase;
			buildActionMask = 2147483647;
			files = (
				07801C3F2D86B42C00A992A1 /* SwiftUI.framework in Frameworks */,
				07801C3D2D86B42C00A992A1 /* WidgetKit.framework in Frameworks */,
			);
			runOnlyForDeploymentPostprocessing = 0;
		};
		078A393C2D7ECA96001315AC /* Frameworks */ = {
			isa = PBXFrameworksBuildPhase;
			buildActionMask = 2147483647;
			files = (
			);
			runOnlyForDeploymentPostprocessing = 0;
		};
		078A394D2D7ECA98001315AC /* Frameworks */ = {
			isa = PBXFrameworksBuildPhase;
			buildActionMask = 2147483647;
			files = (
			);
			runOnlyForDeploymentPostprocessing = 0;
		};
		078A39572D7ECA98001315AC /* Frameworks */ = {
			isa = PBXFrameworksBuildPhase;
			buildActionMask = 2147483647;
			files = (
			);
			runOnlyForDeploymentPostprocessing = 0;
		};
/* End PBXFrameworksBuildPhase section */

/* Begin PBXGroup section */
		07801C3B2D86B42C00A992A1 /* Frameworks */ = {
			isa = PBXGroup;
			children = (
				07801C3C2D86B42C00A992A1 /* WidgetKit.framework */,
				07801C3E2D86B42C00A992A1 /* SwiftUI.framework */,
			);
			name = Frameworks;
			sourceTree = "<group>";
		};
		078A39362D7ECA96001315AC = {
			isa = PBXGroup;
			children = (
				07801C542D86B44900A992A1 /* OmenWidgetExtension.entitlements */,
				07D28ACA2D7FD54C00FACC9E /* Wear.xctestplan */,
				07801C402D86B42C00A992A1 /* OmenWidget */,
				07801C5C2D86B75200A992A1 /* Shared */,
				078A39412D7ECA96001315AC /* Wear */,
				078A39532D7ECA98001315AC /* WearTests */,
				078A395D2D7ECA98001315AC /* WearUITests */,
				07801C3B2D86B42C00A992A1 /* Frameworks */,
				078A39402D7ECA96001315AC /* Products */,
			);
			sourceTree = "<group>";
		};
		078A39402D7ECA96001315AC /* Products */ = {
			isa = PBXGroup;
			children = (
				078A393F2D7ECA96001315AC /* Omen.app */,
				078A39502D7ECA98001315AC /* WearTests.xctest */,
				078A395A2D7ECA98001315AC /* WearUITests.xctest */,
				07801C3A2D86B42C00A992A1 /* OmenWidgetExtension.appex */,
			);
			name = Products;
			sourceTree = "<group>";
		};
/* End PBXGroup section */

/* Begin PBXNativeTarget section */
		07801C392D86B42C00A992A1 /* OmenWidgetExtension */ = {
			isa = PBXNativeTarget;
			buildConfigurationList = 07801C502D86B42E00A992A1 /* Build configuration list for PBXNativeTarget "OmenWidgetExtension" */;
			buildPhases = (
				07801C362D86B42C00A992A1 /* Sources */,
				07801C372D86B42C00A992A1 /* Frameworks */,
				07801C382D86B42C00A992A1 /* Resources */,
			);
			buildRules = (
			);
			dependencies = (
			);
			fileSystemSynchronizedGroups = (
				07801C402D86B42C00A992A1 /* OmenWidget */,
			);
			name = OmenWidgetExtension;
			packageProductDependencies = (
			);
			productName = OmenWidgetExtension;
			productReference = 07801C3A2D86B42C00A992A1 /* OmenWidgetExtension.appex */;
			productType = "com.apple.product-type.app-extension";
		};
		078A393E2D7ECA96001315AC /* Wear */ = {
			isa = PBXNativeTarget;
			buildConfigurationList = 078A39642D7ECA98001315AC /* Build configuration list for PBXNativeTarget "Wear" */;
			buildPhases = (
				078A393B2D7ECA96001315AC /* Sources */,
				078A393C2D7ECA96001315AC /* Frameworks */,
				078A393D2D7ECA96001315AC /* Resources */,
				07801C532D86B42E00A992A1 /* Embed Foundation Extensions */,
			);
			buildRules = (
			);
			dependencies = (
				07801C4D2D86B42E00A992A1 /* PBXTargetDependency */,
			);
			fileSystemSynchronizedGroups = (
				07801C5C2D86B75200A992A1 /* Shared */,
				078A39412D7ECA96001315AC /* Wear */,
			);
			name = Wear;
			packageProductDependencies = (
			);
			productName = Wear;
			productReference = 078A393F2D7ECA96001315AC /* Omen.app */;
			productType = "com.apple.product-type.application";
		};
		078A394F2D7ECA98001315AC /* WearTests */ = {
			isa = PBXNativeTarget;
			buildConfigurationList = 078A39672D7ECA98001315AC /* Build configuration list for PBXNativeTarget "WearTests" */;
			buildPhases = (
				078A394C2D7ECA98001315AC /* Sources */,
				078A394D2D7ECA98001315AC /* Frameworks */,
				078A394E2D7ECA98001315AC /* Resources */,
			);
			buildRules = (
			);
			dependencies = (
				078A39522D7ECA98001315AC /* PBXTargetDependency */,
			);
			fileSystemSynchronizedGroups = (
				078A39532D7ECA98001315AC /* WearTests */,
			);
			name = WearTests;
			packageProductDependencies = (
			);
			productName = WearTests;
			productReference = 078A39502D7ECA98001315AC /* WearTests.xctest */;
			productType = "com.apple.product-type.bundle.unit-test";
		};
		078A39592D7ECA98001315AC /* WearUITests */ = {
			isa = PBXNativeTarget;
			buildConfigurationList = 078A396A2D7ECA98001315AC /* Build configuration list for PBXNativeTarget "WearUITests" */;
			buildPhases = (
				078A39562D7ECA98001315AC /* Sources */,
				078A39572D7ECA98001315AC /* Frameworks */,
				078A39582D7ECA98001315AC /* Resources */,
			);
			buildRules = (
			);
			dependencies = (
				078A395C2D7ECA98001315AC /* PBXTargetDependency */,
			);
			fileSystemSynchronizedGroups = (
				078A395D2D7ECA98001315AC /* WearUITests */,
			);
			name = WearUITests;
			packageProductDependencies = (
			);
			productName = WearUITests;
			productReference = 078A395A2D7ECA98001315AC /* WearUITests.xctest */;
			productType = "com.apple.product-type.bundle.ui-testing";
		};
/* End PBXNativeTarget section */

/* Begin PBXProject section */
		078A39372D7ECA96001315AC /* Project object */ = {
			isa = PBXProject;
			attributes = {
				BuildIndependentTargetsInParallel = 1;
				LastSwiftUpdateCheck = 1620;
				LastUpgradeCheck = 1620;
				TargetAttributes = {
					07801C392D86B42C00A992A1 = {
						CreatedOnToolsVersion = 16.2;
					};
					078A393E2D7ECA96001315AC = {
						CreatedOnToolsVersion = 16.2;
					};
					078A394F2D7ECA98001315AC = {
						CreatedOnToolsVersion = 16.2;
						TestTargetID = 078A393E2D7ECA96001315AC;
					};
					078A39592D7ECA98001315AC = {
						CreatedOnToolsVersion = 16.2;
						TestTargetID = 078A393E2D7ECA96001315AC;
					};
				};
			};
			buildConfigurationList = 078A393A2D7ECA96001315AC /* Build configuration list for PBXProject "Wear" */;
			developmentRegion = en;
			hasScannedForEncodings = 0;
			knownRegions = (
				en,
				Base,
			);
			mainGroup = 078A39362D7ECA96001315AC;
			minimizedProjectReferenceProxies = 1;
			preferredProjectObjectVersion = 77;
			productRefGroup = 078A39402D7ECA96001315AC /* Products */;
			projectDirPath = "";
			projectRoot = "";
			targets = (
				078A393E2D7ECA96001315AC /* Wear */,
				078A394F2D7ECA98001315AC /* WearTests */,
				078A39592D7ECA98001315AC /* WearUITests */,
				07801C392D86B42C00A992A1 /* OmenWidgetExtension */,
			);
		};
/* End PBXProject section */

/* Begin PBXResourcesBuildPhase section */
		07801C382D86B42C00A992A1 /* Resources */ = {
			isa = PBXResourcesBuildPhase;
			buildActionMask = 2147483647;
			files = (
			);
			runOnlyForDeploymentPostprocessing = 0;
		};
		078A393D2D7ECA96001315AC /* Resources */ = {
			isa = PBXResourcesBuildPhase;
			buildActionMask = 2147483647;
			files = (
			);
			runOnlyForDeploymentPostprocessing = 0;
		};
		078A394E2D7ECA98001315AC /* Resources */ = {
			isa = PBXResourcesBuildPhase;
			buildActionMask = 2147483647;
			files = (
			);
			runOnlyForDeploymentPostprocessing = 0;
		};
		078A39582D7ECA98001315AC /* Resources */ = {
			isa = PBXResourcesBuildPhase;
			buildActionMask = 2147483647;
			files = (
			);
			runOnlyForDeploymentPostprocessing = 0;
		};
/* End PBXResourcesBuildPhase section */

/* Begin PBXSourcesBuildPhase section */
		07801C362D86B42C00A992A1 /* Sources */ = {
			isa = PBXSourcesBuildPhase;
			buildActionMask = 2147483647;
			files = (
			);
			runOnlyForDeploymentPostprocessing = 0;
		};
		078A393B2D7ECA96001315AC /* Sources */ = {
			isa = PBXSourcesBuildPhase;
			buildActionMask = 2147483647;
			files = (
			);
			runOnlyForDeploymentPostprocessing = 0;
		};
		078A394C2D7ECA98001315AC /* Sources */ = {
			isa = PBXSourcesBuildPhase;
			buildActionMask = 2147483647;
			files = (
			);
			runOnlyForDeploymentPostprocessing = 0;
		};
		078A39562D7ECA98001315AC /* Sources */ = {
			isa = PBXSourcesBuildPhase;
			buildActionMask = 2147483647;
			files = (
			);
			runOnlyForDeploymentPostprocessing = 0;
		};
/* End PBXSourcesBuildPhase section */

/* Begin PBXTargetDependency section */
		07801C4D2D86B42E00A992A1 /* PBXTargetDependency */ = {
			isa = PBXTargetDependency;
			target = 07801C392D86B42C00A992A1 /* OmenWidgetExtension */;
			targetProxy = 07801C4C2D86B42E00A992A1 /* PBXContainerItemProxy */;
		};
		078A39522D7ECA98001315AC /* PBXTargetDependency */ = {
			isa = PBXTargetDependency;
			target = 078A393E2D7ECA96001315AC /* Wear */;
			targetProxy = 078A39512D7ECA98001315AC /* PBXContainerItemProxy */;
		};
		078A395C2D7ECA98001315AC /* PBXTargetDependency */ = {
			isa = PBXTargetDependency;
			target = 078A393E2D7ECA96001315AC /* Wear */;
			targetProxy = 078A395B2D7ECA98001315AC /* PBXContainerItemProxy */;
		};
/* End PBXTargetDependency section */

/* Begin XCBuildConfiguration section */
		07801C512D86B42E00A992A1 /* Debug */ = {
			isa = XCBuildConfiguration;
			buildSettings = {
				ASSETCATALOG_COMPILER_GLOBAL_ACCENT_COLOR_NAME = AccentColor;
				ASSETCATALOG_COMPILER_WIDGET_BACKGROUND_COLOR_NAME = WidgetBackground;
				CODE_SIGN_ENTITLEMENTS = OmenWidgetExtension.entitlements;
				CODE_SIGN_STYLE = Automatic;
				CURRENT_PROJECT_VERSION = 1;
				DEVELOPMENT_TEAM = VJ6T7FHHKM;
				GENERATE_INFOPLIST_FILE = YES;
				INFOPLIST_FILE = OmenWidget/Info.plist;
				INFOPLIST_KEY_CFBundleDisplayName = OmenWidget;
				INFOPLIST_KEY_NSHumanReadableCopyright = "";
				IPHONEOS_DEPLOYMENT_TARGET = 18.2;
				LD_RUNPATH_SEARCH_PATHS = (
					"$(inherited)",
					"@executable_path/Frameworks",
					"@executable_path/../../Frameworks",
				);
				MARKETING_VERSION = 1.0;
				PRODUCT_BUNDLE_IDENTIFIER = com.casualparrot.Omen.OmenWidget;
				PRODUCT_NAME = "$(TARGET_NAME)";
				SDKROOT = iphoneos;
				SKIP_INSTALL = YES;
				SWIFT_EMIT_LOC_STRINGS = YES;
				SWIFT_VERSION = 5.0;
				TARGETED_DEVICE_FAMILY = "1,2";
			};
			name = Debug;
		};
		07801C522D86B42E00A992A1 /* Release */ = {
			isa = XCBuildConfiguration;
			buildSettings = {
				ASSETCATALOG_COMPILER_GLOBAL_ACCENT_COLOR_NAME = AccentColor;
				ASSETCATALOG_COMPILER_WIDGET_BACKGROUND_COLOR_NAME = WidgetBackground;
				CODE_SIGN_ENTITLEMENTS = OmenWidgetExtension.entitlements;
				CODE_SIGN_STYLE = Automatic;
				CURRENT_PROJECT_VERSION = 1;
				DEVELOPMENT_TEAM = VJ6T7FHHKM;
				GENERATE_INFOPLIST_FILE = YES;
				INFOPLIST_FILE = OmenWidget/Info.plist;
				INFOPLIST_KEY_CFBundleDisplayName = OmenWidget;
				INFOPLIST_KEY_NSHumanReadableCopyright = "";
				IPHONEOS_DEPLOYMENT_TARGET = 18.2;
				LD_RUNPATH_SEARCH_PATHS = (
					"$(inherited)",
					"@executable_path/Frameworks",
					"@executable_path/../../Frameworks",
				);
				MARKETING_VERSION = 1.0;
				PRODUCT_BUNDLE_IDENTIFIER = com.casualparrot.Omen.OmenWidget;
				PRODUCT_NAME = "$(TARGET_NAME)";
				SDKROOT = iphoneos;
				SKIP_INSTALL = YES;
				SWIFT_EMIT_LOC_STRINGS = YES;
				SWIFT_VERSION = 5.0;
				TARGETED_DEVICE_FAMILY = "1,2";
				VALIDATE_PRODUCT = YES;
			};
			name = Release;
		};
		078A39622D7ECA98001315AC /* Debug */ = {
			isa = XCBuildConfiguration;
			buildSettings = {
				ALWAYS_SEARCH_USER_PATHS = NO;
				ASSETCATALOG_COMPILER_GENERATE_SWIFT_ASSET_SYMBOL_EXTENSIONS = YES;
				CLANG_ANALYZER_NONNULL = YES;
				CLANG_ANALYZER_NUMBER_OBJECT_CONVERSION = YES_AGGRESSIVE;
				CLANG_CXX_LANGUAGE_STANDARD = "gnu++20";
				CLANG_ENABLE_MODULES = YES;
				CLANG_ENABLE_OBJC_ARC = YES;
				CLANG_ENABLE_OBJC_WEAK = YES;
				CLANG_WARN_BLOCK_CAPTURE_AUTORELEASING = YES;
				CLANG_WARN_BOOL_CONVERSION = YES;
				CLANG_WARN_COMMA = YES;
				CLANG_WARN_CONSTANT_CONVERSION = YES;
				CLANG_WARN_DEPRECATED_OBJC_IMPLEMENTATIONS = YES;
				CLANG_WARN_DIRECT_OBJC_ISA_USAGE = YES_ERROR;
				CLANG_WARN_DOCUMENTATION_COMMENTS = YES;
				CLANG_WARN_EMPTY_BODY = YES;
				CLANG_WARN_ENUM_CONVERSION = YES;
				CLANG_WARN_INFINITE_RECURSION = YES;
				CLANG_WARN_INT_CONVERSION = YES;
				CLANG_WARN_NON_LITERAL_NULL_CONVERSION = YES;
				CLANG_WARN_OBJC_IMPLICIT_RETAIN_SELF = YES;
				CLANG_WARN_OBJC_LITERAL_CONVERSION = YES;
				CLANG_WARN_OBJC_ROOT_CLASS = YES_ERROR;
				CLANG_WARN_QUOTED_INCLUDE_IN_FRAMEWORK_HEADER = YES;
				CLANG_WARN_RANGE_LOOP_ANALYSIS = YES;
				CLANG_WARN_STRICT_PROTOTYPES = YES;
				CLANG_WARN_SUSPICIOUS_MOVE = YES;
				CLANG_WARN_UNGUARDED_AVAILABILITY = YES_AGGRESSIVE;
				CLANG_WARN_UNREACHABLE_CODE = YES;
				CLANG_WARN__DUPLICATE_METHOD_MATCH = YES;
				COPY_PHASE_STRIP = NO;
				DEBUG_INFORMATION_FORMAT = dwarf;
				ENABLE_STRICT_OBJC_MSGSEND = YES;
				ENABLE_TESTABILITY = YES;
				ENABLE_USER_SCRIPT_SANDBOXING = YES;
				GCC_C_LANGUAGE_STANDARD = gnu17;
				GCC_DYNAMIC_NO_PIC = NO;
				GCC_NO_COMMON_BLOCKS = YES;
				GCC_OPTIMIZATION_LEVEL = 0;
				GCC_PREPROCESSOR_DEFINITIONS = (
					"DEBUG=1",
					"$(inherited)",
				);
				GCC_WARN_64_TO_32_BIT_CONVERSION = YES;
				GCC_WARN_ABOUT_RETURN_TYPE = YES_ERROR;
				GCC_WARN_UNDECLARED_SELECTOR = YES;
				GCC_WARN_UNINITIALIZED_AUTOS = YES_AGGRESSIVE;
				GCC_WARN_UNUSED_FUNCTION = YES;
				GCC_WARN_UNUSED_VARIABLE = YES;
				LOCALIZATION_PREFERS_STRING_CATALOGS = YES;
				MTL_ENABLE_DEBUG_INFO = INCLUDE_SOURCE;
				MTL_FAST_MATH = YES;
				ONLY_ACTIVE_ARCH = YES;
				SWIFT_ACTIVE_COMPILATION_CONDITIONS = "DEBUG $(inherited)";
				SWIFT_OPTIMIZATION_LEVEL = "-Onone";
			};
			name = Debug;
		};
		078A39632D7ECA98001315AC /* Release */ = {
			isa = XCBuildConfiguration;
			buildSettings = {
				ALWAYS_SEARCH_USER_PATHS = NO;
				ASSETCATALOG_COMPILER_GENERATE_SWIFT_ASSET_SYMBOL_EXTENSIONS = YES;
				CLANG_ANALYZER_NONNULL = YES;
				CLANG_ANALYZER_NUMBER_OBJECT_CONVERSION = YES_AGGRESSIVE;
				CLANG_CXX_LANGUAGE_STANDARD = "gnu++20";
				CLANG_ENABLE_MODULES = YES;
				CLANG_ENABLE_OBJC_ARC = YES;
				CLANG_ENABLE_OBJC_WEAK = YES;
				CLANG_WARN_BLOCK_CAPTURE_AUTORELEASING = YES;
				CLANG_WARN_BOOL_CONVERSION = YES;
				CLANG_WARN_COMMA = YES;
				CLANG_WARN_CONSTANT_CONVERSION = YES;
				CLANG_WARN_DEPRECATED_OBJC_IMPLEMENTATIONS = YES;
				CLANG_WARN_DIRECT_OBJC_ISA_USAGE = YES_ERROR;
				CLANG_WARN_DOCUMENTATION_COMMENTS = YES;
				CLANG_WARN_EMPTY_BODY = YES;
				CLANG_WARN_ENUM_CONVERSION = YES;
				CLANG_WARN_INFINITE_RECURSION = YES;
				CLANG_WARN_INT_CONVERSION = YES;
				CLANG_WARN_NON_LITERAL_NULL_CONVERSION = YES;
				CLANG_WARN_OBJC_IMPLICIT_RETAIN_SELF = YES;
				CLANG_WARN_OBJC_LITERAL_CONVERSION = YES;
				CLANG_WARN_OBJC_ROOT_CLASS = YES_ERROR;
				CLANG_WARN_QUOTED_INCLUDE_IN_FRAMEWORK_HEADER = YES;
				CLANG_WARN_RANGE_LOOP_ANALYSIS = YES;
				CLANG_WARN_STRICT_PROTOTYPES = YES;
				CLANG_WARN_SUSPICIOUS_MOVE = YES;
				CLANG_WARN_UNGUARDED_AVAILABILITY = YES_AGGRESSIVE;
				CLANG_WARN_UNREACHABLE_CODE = YES;
				CLANG_WARN__DUPLICATE_METHOD_MATCH = YES;
				COPY_PHASE_STRIP = NO;
				DEBUG_INFORMATION_FORMAT = "dwarf-with-dsym";
				ENABLE_NS_ASSERTIONS = NO;
				ENABLE_STRICT_OBJC_MSGSEND = YES;
				ENABLE_USER_SCRIPT_SANDBOXING = YES;
				GCC_C_LANGUAGE_STANDARD = gnu17;
				GCC_NO_COMMON_BLOCKS = YES;
				GCC_WARN_64_TO_32_BIT_CONVERSION = YES;
				GCC_WARN_ABOUT_RETURN_TYPE = YES_ERROR;
				GCC_WARN_UNDECLARED_SELECTOR = YES;
				GCC_WARN_UNINITIALIZED_AUTOS = YES_AGGRESSIVE;
				GCC_WARN_UNUSED_FUNCTION = YES;
				GCC_WARN_UNUSED_VARIABLE = YES;
				LOCALIZATION_PREFERS_STRING_CATALOGS = YES;
				MTL_ENABLE_DEBUG_INFO = NO;
				MTL_FAST_MATH = YES;
				SWIFT_COMPILATION_MODE = wholemodule;
			};
			name = Release;
		};
		078A39652D7ECA98001315AC /* Debug */ = {
			isa = XCBuildConfiguration;
			buildSettings = {
				ASSETCATALOG_COMPILER_APPICON_NAME = AppIcon;
				ASSETCATALOG_COMPILER_GLOBAL_ACCENT_COLOR_NAME = AccentColor;
				CODE_SIGN_ENTITLEMENTS = Wear/Wear.entitlements;
				CODE_SIGN_STYLE = Automatic;
				CURRENT_PROJECT_VERSION = 1;
				DEVELOPMENT_ASSET_PATHS = "\"Wear/Preview Content\"";
				DEVELOPMENT_TEAM = VJ6T7FHHKM;
				ENABLE_HARDENED_RUNTIME = YES;
				ENABLE_PREVIEWS = YES;
				GENERATE_INFOPLIST_FILE = YES;
				INFOPLIST_KEY_NSLocationWhenInUseUsageDescription = "Let us guide you through the weather's ancient whispers.";
				"INFOPLIST_KEY_UIApplicationSceneManifest_Generation[sdk=iphoneos*]" = YES;
				"INFOPLIST_KEY_UIApplicationSceneManifest_Generation[sdk=iphonesimulator*]" = YES;
				"INFOPLIST_KEY_UIApplicationSupportsIndirectInputEvents[sdk=iphoneos*]" = YES;
				"INFOPLIST_KEY_UIApplicationSupportsIndirectInputEvents[sdk=iphonesimulator*]" = YES;
				"INFOPLIST_KEY_UILaunchScreen_Generation[sdk=iphoneos*]" = YES;
				"INFOPLIST_KEY_UILaunchScreen_Generation[sdk=iphonesimulator*]" = YES;
				"INFOPLIST_KEY_UIStatusBarStyle[sdk=iphoneos*]" = UIStatusBarStyleDefault;
				"INFOPLIST_KEY_UIStatusBarStyle[sdk=iphonesimulator*]" = UIStatusBarStyleDefault;
				INFOPLIST_KEY_UISupportedInterfaceOrientations_iPad = "UIInterfaceOrientationPortrait UIInterfaceOrientationPortraitUpsideDown UIInterfaceOrientationLandscapeLeft UIInterfaceOrientationLandscapeRight";
				INFOPLIST_KEY_UISupportedInterfaceOrientations_iPhone = "UIInterfaceOrientationPortrait UIInterfaceOrientationLandscapeLeft UIInterfaceOrientationLandscapeRight";
				IPHONEOS_DEPLOYMENT_TARGET = 18.2;
				LD_RUNPATH_SEARCH_PATHS = "@executable_path/Frameworks";
				"LD_RUNPATH_SEARCH_PATHS[sdk=macosx*]" = "@executable_path/../Frameworks";
				MARKETING_VERSION = 1.0;
				PRODUCT_BUNDLE_IDENTIFIER = com.casualparrot.Omen;
				PRODUCT_NAME = Omen;
				SDKROOT = iphoneos;
				SUPPORTED_PLATFORMS = "iphoneos iphonesimulator macosx xros xrsimulator";
				SWIFT_EMIT_LOC_STRINGS = YES;
				SWIFT_VERSION = 5.0;
				TARGETED_DEVICE_FAMILY = "1,2,7";
			};
			name = Debug;
		};
		078A39662D7ECA98001315AC /* Release */ = {
			isa = XCBuildConfiguration;
			buildSettings = {
				ASSETCATALOG_COMPILER_APPICON_NAME = AppIcon;
				ASSETCATALOG_COMPILER_GLOBAL_ACCENT_COLOR_NAME = AccentColor;
				CODE_SIGN_ENTITLEMENTS = Wear/Wear.entitlements;
				CODE_SIGN_STYLE = Automatic;
				CURRENT_PROJECT_VERSION = 1;
				DEVELOPMENT_ASSET_PATHS = "\"Wear/Preview Content\"";
				DEVELOPMENT_TEAM = VJ6T7FHHKM;
				ENABLE_HARDENED_RUNTIME = YES;
				ENABLE_PREVIEWS = YES;
				GENERATE_INFOPLIST_FILE = YES;
				INFOPLIST_KEY_NSLocationWhenInUseUsageDescription = "Let us guide you through the weather's ancient whispers.";
				"INFOPLIST_KEY_UIApplicationSceneManifest_Generation[sdk=iphoneos*]" = YES;
				"INFOPLIST_KEY_UIApplicationSceneManifest_Generation[sdk=iphonesimulator*]" = YES;
				"INFOPLIST_KEY_UIApplicationSupportsIndirectInputEvents[sdk=iphoneos*]" = YES;
				"INFOPLIST_KEY_UIApplicationSupportsIndirectInputEvents[sdk=iphonesimulator*]" = YES;
				"INFOPLIST_KEY_UILaunchScreen_Generation[sdk=iphoneos*]" = YES;
				"INFOPLIST_KEY_UILaunchScreen_Generation[sdk=iphonesimulator*]" = YES;
				"INFOPLIST_KEY_UIStatusBarStyle[sdk=iphoneos*]" = UIStatusBarStyleDefault;
				"INFOPLIST_KEY_UIStatusBarStyle[sdk=iphonesimulator*]" = UIStatusBarStyleDefault;
				INFOPLIST_KEY_UISupportedInterfaceOrientations_iPad = "UIInterfaceOrientationPortrait UIInterfaceOrientationPortraitUpsideDown UIInterfaceOrientationLandscapeLeft UIInterfaceOrientationLandscapeRight";
				INFOPLIST_KEY_UISupportedInterfaceOrientations_iPhone = "UIInterfaceOrientationPortrait UIInterfaceOrientationLandscapeLeft UIInterfaceOrientationLandscapeRight";
				IPHONEOS_DEPLOYMENT_TARGET = 18.2;
				LD_RUNPATH_SEARCH_PATHS = "@executable_path/Frameworks";
				"LD_RUNPATH_SEARCH_PATHS[sdk=macosx*]" = "@executable_path/../Frameworks";
				MARKETING_VERSION = 1.0;
				PRODUCT_BUNDLE_IDENTIFIER = com.casualparrot.Omen;
				PRODUCT_NAME = Omen;
				SDKROOT = iphoneos;
				SUPPORTED_PLATFORMS = "iphoneos iphonesimulator macosx xros xrsimulator";
				SWIFT_EMIT_LOC_STRINGS = YES;
				SWIFT_VERSION = 5.0;
				TARGETED_DEVICE_FAMILY = "1,2,7";
			};
			name = Release;
		};
		078A39682D7ECA98001315AC /* Debug */ = {
			isa = XCBuildConfiguration;
			buildSettings = {
				BUNDLE_LOADER = "$(TEST_HOST)";
				CODE_SIGN_STYLE = Automatic;
				CURRENT_PROJECT_VERSION = 1;
				DEVELOPMENT_TEAM = VJ6T7FHHKM;
				GENERATE_INFOPLIST_FILE = YES;
				IPHONEOS_DEPLOYMENT_TARGET = 18.2;
				MACOSX_DEPLOYMENT_TARGET = 15.2;
				MARKETING_VERSION = 1.0;
				PRODUCT_BUNDLE_IDENTIFIER = com.casualparrot.WearTests;
				PRODUCT_NAME = "$(TARGET_NAME)";
				SDKROOT = auto;
				SUPPORTED_PLATFORMS = "iphoneos iphonesimulator macosx xros xrsimulator";
				SWIFT_EMIT_LOC_STRINGS = NO;
				SWIFT_VERSION = 5.0;
				TARGETED_DEVICE_FAMILY = "1,2,7";
				TEST_HOST = "$(BUILT_PRODUCTS_DIR)/Wear.app/$(BUNDLE_EXECUTABLE_FOLDER_PATH)/Wear";
				XROS_DEPLOYMENT_TARGET = 2.2;
			};
			name = Debug;
		};
		078A39692D7ECA98001315AC /* Release */ = {
			isa = XCBuildConfiguration;
			buildSettings = {
				BUNDLE_LOADER = "$(TEST_HOST)";
				CODE_SIGN_STYLE = Automatic;
				CURRENT_PROJECT_VERSION = 1;
				DEVELOPMENT_TEAM = VJ6T7FHHKM;
				GENERATE_INFOPLIST_FILE = YES;
				IPHONEOS_DEPLOYMENT_TARGET = 18.2;
				MACOSX_DEPLOYMENT_TARGET = 15.2;
				MARKETING_VERSION = 1.0;
				PRODUCT_BUNDLE_IDENTIFIER = com.casualparrot.WearTests;
				PRODUCT_NAME = "$(TARGET_NAME)";
				SDKROOT = auto;
				SUPPORTED_PLATFORMS = "iphoneos iphonesimulator macosx xros xrsimulator";
				SWIFT_EMIT_LOC_STRINGS = NO;
				SWIFT_VERSION = 5.0;
				TARGETED_DEVICE_FAMILY = "1,2,7";
				TEST_HOST = "$(BUILT_PRODUCTS_DIR)/Wear.app/$(BUNDLE_EXECUTABLE_FOLDER_PATH)/Wear";
				XROS_DEPLOYMENT_TARGET = 2.2;
			};
			name = Release;
		};
		078A396B2D7ECA98001315AC /* Debug */ = {
			isa = XCBuildConfiguration;
			buildSettings = {
				CODE_SIGN_STYLE = Automatic;
				CURRENT_PROJECT_VERSION = 1;
				DEVELOPMENT_TEAM = VJ6T7FHHKM;
				GENERATE_INFOPLIST_FILE = YES;
				IPHONEOS_DEPLOYMENT_TARGET = 18.2;
				MACOSX_DEPLOYMENT_TARGET = 15.2;
				MARKETING_VERSION = 1.0;
				PRODUCT_BUNDLE_IDENTIFIER = com.casualparrot.WearUITests;
				PRODUCT_NAME = "$(TARGET_NAME)";
				SDKROOT = auto;
				SUPPORTED_PLATFORMS = "iphoneos iphonesimulator macosx xros xrsimulator";
				SWIFT_EMIT_LOC_STRINGS = NO;
				SWIFT_VERSION = 5.0;
				TARGETED_DEVICE_FAMILY = "1,2,7";
				TEST_TARGET_NAME = Wear;
				XROS_DEPLOYMENT_TARGET = 2.2;
			};
			name = Debug;
		};
		078A396C2D7ECA98001315AC /* Release */ = {
			isa = XCBuildConfiguration;
			buildSettings = {
				CODE_SIGN_STYLE = Automatic;
				CURRENT_PROJECT_VERSION = 1;
				DEVELOPMENT_TEAM = VJ6T7FHHKM;
				GENERATE_INFOPLIST_FILE = YES;
				IPHONEOS_DEPLOYMENT_TARGET = 18.2;
				MACOSX_DEPLOYMENT_TARGET = 15.2;
				MARKETING_VERSION = 1.0;
				PRODUCT_BUNDLE_IDENTIFIER = com.casualparrot.WearUITests;
				PRODUCT_NAME = "$(TARGET_NAME)";
				SDKROOT = auto;
				SUPPORTED_PLATFORMS = "iphoneos iphonesimulator macosx xros xrsimulator";
				SWIFT_EMIT_LOC_STRINGS = NO;
				SWIFT_VERSION = 5.0;
				TARGETED_DEVICE_FAMILY = "1,2,7";
				TEST_TARGET_NAME = Wear;
				XROS_DEPLOYMENT_TARGET = 2.2;
			};
			name = Release;
		};
/* End XCBuildConfiguration section */

/* Begin XCConfigurationList section */
		07801C502D86B42E00A992A1 /* Build configuration list for PBXNativeTarget "OmenWidgetExtension" */ = {
			isa = XCConfigurationList;
			buildConfigurations = (
				07801C512D86B42E00A992A1 /* Debug */,
				07801C522D86B42E00A992A1 /* Release */,
			);
			defaultConfigurationIsVisible = 0;
			defaultConfigurationName = Release;
		};
		078A393A2D7ECA96001315AC /* Build configuration list for PBXProject "Wear" */ = {
			isa = XCConfigurationList;
			buildConfigurations = (
				078A39622D7ECA98001315AC /* Debug */,
				078A39632D7ECA98001315AC /* Release */,
			);
			defaultConfigurationIsVisible = 0;
			defaultConfigurationName = Release;
		};
		078A39642D7ECA98001315AC /* Build configuration list for PBXNativeTarget "Wear" */ = {
			isa = XCConfigurationList;
			buildConfigurations = (
				078A39652D7ECA98001315AC /* Debug */,
				078A39662D7ECA98001315AC /* Release */,
			);
			defaultConfigurationIsVisible = 0;
			defaultConfigurationName = Release;
		};
		078A39672D7ECA98001315AC /* Build configuration list for PBXNativeTarget "WearTests" */ = {
			isa = XCConfigurationList;
			buildConfigurations = (
				078A39682D7ECA98001315AC /* Debug */,
				078A39692D7ECA98001315AC /* Release */,
			);
			defaultConfigurationIsVisible = 0;
			defaultConfigurationName = Release;
		};
		078A396A2D7ECA98001315AC /* Build configuration list for PBXNativeTarget "WearUITests" */ = {
			isa = XCConfigurationList;
			buildConfigurations = (
				078A396B2D7ECA98001315AC /* Debug */,
				078A396C2D7ECA98001315AC /* Release */,
			);
			defaultConfigurationIsVisible = 0;
			defaultConfigurationName = Release;
		};
/* End XCConfigurationList section */
	};
	rootObject = 078A39372D7ECA96001315AC /* Project object */;
}
